
Microsoft Visual Studio Solution File, Format Version 12.00
# Visual Studio Version 17
VisualStudioVersion = 17.10.34916.146
MinimumVisualStudioVersion = 10.0.40219.1
Project("{2150E333-8FDC-42A3-9474-1A3956D46DE8}") = "Services", "Services", "{92999D72-E494-443B-A1DA-071DB4323B9A}"
EndProject
Project("{2150E333-8FDC-42A3-9474-1A3956D46DE8}") = "Shared", "Shared", "{F6DAE159-F743-4746-AC87-94E9A25C31DA}"
EndProject
Project("{2150E333-8FDC-42A3-9474-1A3956D46DE8}") = "SolutionItems", "SolutionItems", "{9B56BA0E-DC8B-4AAA-8A10-71C8071BDFEF}"
EndProject
Project("{2150E333-8FDC-42A3-9474-1A3956D46DE8}") = "Obilet", "Obilet", "{E2D8D948-3796-4A11-A54D-BEDD44E12BBA}"
EndProject
Project("{9A19103F-16F7-4668-BE54-9A1E7A4F7556}") = "MicroService.Shared", "Shared\MicroService.Shared\MicroService.Shared.csproj", "{566FA8CF-25E3-489C-9C4D-5BB210201CB3}"
EndProject
Project("{2150E333-8FDC-42A3-9474-1A3956D46DE8}") = "UI", "UI", "{2601A5AD-D77B-4DA6-92BB-3C1ECD74ED6F}"
EndProject
Project("{9A19103F-16F7-4668-BE54-9A1E7A4F7556}") = "MicroServices.Services.Obilet.Application", "Services\Obilet\MicroServices.Services.Obilet.Application\MicroServices.Services.Obilet.Application.csproj", "{0AF9CDF9-44A2-43FE-A5F7-59F76FCC92A9}"
EndProject
Project("{9A19103F-16F7-4668-BE54-9A1E7A4F7556}") = "MikroServices.UI.Obilet.MVC", "Services\Obilet\UI\MikroServices.UI.Obilet.MVC\MikroServices.UI.Obilet.MVC.csproj", "{A1C5D1D9-9051-4F24-ACB8-8B83D4DBF301}"
EndProject
Global
	GlobalSection(SolutionConfigurationPlatforms) = preSolution
		Debug|Any CPU = Debug|Any CPU
		Release|Any CPU = Release|Any CPU
	EndGlobalSection
	GlobalSection(ProjectConfigurationPlatforms) = postSolution
		{566FA8CF-25E3-489C-9C4D-5BB210201CB3}.Debug|Any CPU.ActiveCfg = Debug|Any CPU
		{566FA8CF-25E3-489C-9C4D-5BB210201CB3}.Debug|Any CPU.Build.0 = Debug|Any CPU
		{566FA8CF-25E3-489C-9C4D-5BB210201CB3}.Release|Any CPU.ActiveCfg = Release|Any CPU
		{566FA8CF-25E3-489C-9C4D-5BB210201CB3}.Release|Any CPU.Build.0 = Release|Any CPU
		{0AF9CDF9-44A2-43FE-A5F7-59F76FCC92A9}.Debug|Any CPU.ActiveCfg = Debug|Any CPU
		{0AF9CDF9-44A2-43FE-A5F7-59F76FCC92A9}.Debug|Any CPU.Build.0 = Debug|Any CPU
		{0AF9CDF9-44A2-43FE-A5F7-59F76FCC92A9}.Release|Any CPU.ActiveCfg = Release|Any CPU
		{0AF9CDF9-44A2-43FE-A5F7-59F76FCC92A9}.Release|Any CPU.Build.0 = Release|Any CPU
		{A1C5D1D9-9051-4F24-ACB8-8B83D4DBF301}.Debug|Any CPU.ActiveCfg = Debug|Any CPU
		{A1C5D1D9-9051-4F24-ACB8-8B83D4DBF301}.Debug|Any CPU.Build.0 = Debug|Any CPU
		{A1C5D1D9-9051-4F24-ACB8-8B83D4DBF301}.Release|Any CPU.ActiveCfg = Release|Any CPU
		{A1C5D1D9-9051-4F24-ACB8-8B83D4DBF301}.Release|Any CPU.Build.0 = Release|Any CPU
	EndGlobalSection
	GlobalSection(SolutionProperties) = preSolution
		HideSolutionNode = FALSE
	EndGlobalSection
	GlobalSection(NestedProjects) = preSolution
		{E2D8D948-3796-4A11-A54D-BEDD44E12BBA} = {92999D72-E494-443B-A1DA-071DB4323B9A}
		{566FA8CF-25E3-489C-9C4D-5BB210201CB3} = {F6DAE159-F743-4746-AC87-94E9A25C31DA}
		{2601A5AD-D77B-4DA6-92BB-3C1ECD74ED6F} = {E2D8D948-3796-4A11-A54D-BEDD44E12BBA}
		{0AF9CDF9-44A2-43FE-A5F7-59F76FCC92A9} = {E2D8D948-3796-4A11-A54D-BEDD44E12BBA}
		{A1C5D1D9-9051-4F24-ACB8-8B83D4DBF301} = {2601A5AD-D77B-4DA6-92BB-3C1ECD74ED6F}
	EndGlobalSection
	GlobalSection(ExtensibilityGlobals) = postSolution
		SolutionGuid = {60F0732B-A069-4537-8EC8-CDE794F5BE63}
	EndGlobalSection
EndGlobal
